// !$*UTF8*$!
{
	archiveVersion = 1;
	classes = {
	};
	objectVersion = 56;
	objects = {

/* Begin PBXBuildFile section */
		1826466A2AF0ACDE00708AEE /* AppDelegate.swift in Sources */ = {isa = PBXBuildFile; fileRef = 182646692AF0ACDE00708AEE /* AppDelegate.swift */; };
		1826466C2AF0ACDE00708AEE /* SceneDelegate.swift in Sources */ = {isa = PBXBuildFile; fileRef = 1826466B2AF0ACDE00708AEE /* SceneDelegate.swift */; };
		1826466E2AF0ACDE00708AEE /* ViewController.swift in Sources */ = {isa = PBXBuildFile; fileRef = 1826466D2AF0ACDE00708AEE /* ViewController.swift */; };
		182646712AF0ACDE00708AEE /* Main.storyboard in Resources */ = {isa = PBXBuildFile; fileRef = 1826466F2AF0ACDE00708AEE /* Main.storyboard */; };
		182646732AF0ACDF00708AEE /* Assets.xcassets in Resources */ = {isa = PBXBuildFile; fileRef = 182646722AF0ACDF00708AEE /* Assets.xcassets */; };
		182646762AF0ACDF00708AEE /* LaunchScreen.storyboard in Resources */ = {isa = PBXBuildFile; fileRef = 182646742AF0ACDF00708AEE /* LaunchScreen.storyboard */; };
		B6DD2BA784E53CEEF3A8B29F /* Pods_FlutterLibPodDemo.framework in Frameworks */ = {isa = PBXBuildFile; fileRef = A1AE2C18DD803BB156D8CEF2 /* Pods_FlutterLibPodDemo.framework */; };
/* End PBXBuildFile section */

/* Begin PBXFileReference section */
		182646662AF0ACDE00708AEE /* FlutterLibPodDemo.app */ = {isa = PBXFileReference; explicitFileType = wrapper.application; includeInIndex = 0; path = FlutterLibPodDemo.app; sourceTree = BUILT_PRODUCTS_DIR; };
		182646692AF0ACDE00708AEE /* AppDelegate.swift */ = {isa = PBXFileReference; lastKnownFileType = sourcecode.swift; path = AppDelegate.swift; sourceTree = "<group>"; };
		1826466B2AF0ACDE00708AEE /* SceneDelegate.swift */ = {isa = PBXFileReference; lastKnownFileType = sourcecode.swift; path = SceneDelegate.swift; sourceTree = "<group>"; };
		1826466D2AF0ACDE00708AEE /* ViewController.swift */ = {isa = PBXFileReference; lastKnownFileType = sourcecode.swift; path = ViewController.swift; sourceTree = "<group>"; };
		182646702AF0ACDE00708AEE /* Base */ = {isa = PBXFileReference; lastKnownFileType = file.storyboard; name = Base; path = Base.lproj/Main.storyboard; sourceTree = "<group>"; };
		182646722AF0ACDF00708AEE /* Assets.xcassets */ = {isa = PBXFileReference; lastKnownFileType = folder.assetcatalog; path = Assets.xcassets; sourceTree = "<group>"; };
		182646752AF0ACDF00708AEE /* Base */ = {isa = PBXFileReference; lastKnownFileType = file.storyboard; name = Base; path = Base.lproj/LaunchScreen.storyboard; sourceTree = "<group>"; };
		182646772AF0ACDF00708AEE /* Info.plist */ = {isa = PBXFileReference; lastKnownFileType = text.plist.xml; path = Info.plist; sourceTree = "<group>"; };
		26A9D1F70F0A573555BA2564 /* Pods-FlutterLibPodDemo.release.xcconfig */ = {isa = PBXFileReference; includeInIndex = 1; lastKnownFileType = text.xcconfig; name = "Pods-FlutterLibPodDemo.release.xcconfig"; path = "Target Support Files/Pods-FlutterLibPodDemo/Pods-FlutterLibPodDemo.release.xcconfig"; sourceTree = "<group>"; };
		9CE0B734B28F504C97E31D25 /* Pods-FlutterLibPodDemo.debug.xcconfig */ = {isa = PBXFileReference; includeInIndex = 1; lastKnownFileType = text.xcconfig; name = "Pods-FlutterLibPodDemo.debug.xcconfig"; path = "Target Support Files/Pods-FlutterLibPodDemo/Pods-FlutterLibPodDemo.debug.xcconfig"; sourceTree = "<group>"; };
		A1AE2C18DD803BB156D8CEF2 /* Pods_FlutterLibPodDemo.framework */ = {isa = PBXFileReference; explicitFileType = wrapper.framework; includeInIndex = 0; path = Pods_FlutterLibPodDemo.framework; sourceTree = BUILT_PRODUCTS_DIR; };
/* End PBXFileReference section */

/* Begin PBXFrameworksBuildPhase section */
		182646632AF0ACDE00708AEE /* Frameworks */ = {
			isa = PBXFrameworksBuildPhase;
			buildActionMask = 2147483647;
			files = (
				B6DD2BA784E53CEEF3A8B29F /* Pods_FlutterLibPodDemo.framework in Frameworks */,
			);
			runOnlyForDeploymentPostprocessing = 0;
		};
/* End PBXFrameworksBuildPhase section */

/* Begin PBXGroup section */
		1826465D2AF0ACDE00708AEE = {
			isa = PBXGroup;
			children = (
				182646682AF0ACDE00708AEE /* FlutterLibPodDemo */,
				182646672AF0ACDE00708AEE /* Products */,
				46807DBA68BF62D0419A72C9 /* Pods */,
				CF5071DEA9324B35079D2115 /* Frameworks */,
			);
			sourceTree = "<group>";
		};
		182646672AF0ACDE00708AEE /* Products */ = {
			isa = PBXGroup;
			children = (
				182646662AF0ACDE00708AEE /* FlutterLibPodDemo.app */,
			);
			name = Products;
			sourceTree = "<group>";
		};
		182646682AF0ACDE00708AEE /* FlutterLibPodDemo */ = {
			isa = PBXGroup;
			children = (
				182646692AF0ACDE00708AEE /* AppDelegate.swift */,
				1826466B2AF0ACDE00708AEE /* SceneDelegate.swift */,
				1826466D2AF0ACDE00708AEE /* ViewController.swift */,
				1826466F2AF0ACDE00708AEE /* Main.storyboard */,
				182646722AF0ACDF00708AEE /* Assets.xcassets */,
				182646742AF0ACDF00708AEE /* LaunchScreen.storyboard */,
				182646772AF0ACDF00708AEE /* Info.plist */,
			);
			path = FlutterLibPodDemo;
			sourceTree = "<group>";
		};
		46807DBA68BF62D0419A72C9 /* Pods */ = {
			isa = PBXGroup;
			children = (
				9CE0B734B28F504C97E31D25 /* Pods-FlutterLibPodDemo.debug.xcconfig */,
				26A9D1F70F0A573555BA2564 /* Pods-FlutterLibPodDemo.release.xcconfig */,
			);
			path = Pods;
			sourceTree = "<group>";
		};
		CF5071DEA9324B35079D2115 /* Frameworks */ = {
			isa = PBXGroup;
			children = (
				A1AE2C18DD803BB156D8CEF2 /* Pods_FlutterLibPodDemo.framework */,
			);
			name = Frameworks;
			sourceTree = "<group>";
		};
/* End PBXGroup section */

/* Begin PBXNativeTarget section */
		182646652AF0ACDE00708AEE /* FlutterLibPodDemo */ = {
			isa = PBXNativeTarget;
			buildConfigurationList = 1826467A2AF0ACDF00708AEE /* Build configuration list for PBXNativeTarget "FlutterLibPodDemo" */;
			buildPhases = (
				7EA06AC954D11E97D27F7AFA /* [CP] Check Pods Manifest.lock */,
				182646622AF0ACDE00708AEE /* Sources */,
				182646632AF0ACDE00708AEE /* Frameworks */,
				182646642AF0ACDE00708AEE /* Resources */,
				1826468E2AF1095500708AEE /* Embed Flutter Build community Script */,
				CABE77A110134B34CF11CB71 /* [CP] Embed Pods Frameworks */,
			);
			buildRules = (
			);
			dependencies = (
			);
			name = FlutterLibPodDemo;
			productName = FlutterLibPodDemo;
			productReference = 182646662AF0ACDE00708AEE /* FlutterLibPodDemo.app */;
			productType = "com.apple.product-type.application";
		};
/* End PBXNativeTarget section */

/* Begin PBXProject section */
		1826465E2AF0ACDE00708AEE /* Project object */ = {
			isa = PBXProject;
			attributes = {
				BuildIndependentTargetsInParallel = 1;
				LastSwiftUpdateCheck = 1430;
				LastUpgradeCheck = 1430;
				TargetAttributes = {
					182646652AF0ACDE00708AEE = {
						CreatedOnToolsVersion = 14.3.1;
					};
				};
			};
			buildConfigurationList = 182646612AF0ACDE00708AEE /* Build configuration list for PBXProject "FlutterLibPodDemo" */;
			compatibilityVersion = "Xcode 14.0";
			developmentRegion = en;
			hasScannedForEncodings = 0;
			knownRegions = (
				en,
				Base,
			);
			mainGroup = 1826465D2AF0ACDE00708AEE;
			productRefGroup = 182646672AF0ACDE00708AEE /* Products */;
			projectDirPath = "";
			projectRoot = "";
			targets = (
				182646652AF0ACDE00708AEE /* FlutterLibPodDemo */,
			);
		};
/* End PBXProject section */

/* Begin PBXResourcesBuildPhase section */
		182646642AF0ACDE00708AEE /* Resources */ = {
			isa = PBXResourcesBuildPhase;
			buildActionMask = 2147483647;
			files = (
				182646762AF0ACDF00708AEE /* LaunchScreen.storyboard in Resources */,
				182646732AF0ACDF00708AEE /* Assets.xcassets in Resources */,
				182646712AF0ACDE00708AEE /* Main.storyboard in Resources */,
			);
			runOnlyForDeploymentPostprocessing = 0;
		};
/* End PBXResourcesBuildPhase section */

/* Begin PBXShellScriptBuildPhase section */
		1826468E2AF1095500708AEE /* Embed Flutter Build community Script */ = {
			isa = PBXShellScriptBuildPhase;
			buildActionMask = 2147483647;
			files = (
			);
			inputFileListPaths = (
			);
			inputPaths = (
			);
			name = "Embed Flutter Build community Script";
			outputFileListPaths = (
			);
			outputPaths = (
			);
			runOnlyForDeploymentPostprocessing = 0;
			shellPath = /bin/sh;
			shellScript = "# Type a script or drag a script file from your workspace to insert its path.\nset -e\nset -u\nsource \"${SRCROOT}/../flutter_lib/.ios/Flutter/flutter_export_environment.sh\"\nexport VERBOSE_SCRIPT_LOGGING=1 && \"$FLUTTER_ROOT\"/packages/flutter_tools/bin/xcode_backend.sh embed_and_thin\n";
		};
		7EA06AC954D11E97D27F7AFA /* [CP] Check Pods Manifest.lock */ = {
			isa = PBXShellScriptBuildPhase;
			buildActionMask = 2147483647;
			files = (
			);
			inputFileListPaths = (
			);
			inputPaths = (
				"${PODS_PODFILE_DIR_PATH}/Podfile.lock",
				"${PODS_ROOT}/Manifest.lock",
			);
			name = "[CP] Check Pods Manifest.lock";
			outputFileListPaths = (
			);
			outputPaths = (
				"$(DERIVED_FILE_DIR)/Pods-FlutterLibPodDemo-checkManifestLockResult.txt",
			);
			runOnlyForDeploymentPostprocessing = 0;
			shellPath = /bin/sh;
			shellScript = "diff \"${PODS_PODFILE_DIR_PATH}/Podfile.lock\" \"${PODS_ROOT}/Manifest.lock\" > /dev/null\nif [ $? != 0 ] ; then\n    # print error to STDERR\n    echo \"error: The sandbox is not in sync with the Podfile.lock. Run 'pod install' or update your CocoaPods installation.\" >&2\n    exit 1\nfi\n# This output is used by Xcode 'outputs' to avoid re-running this script phase.\necho \"SUCCESS\" > \"${SCRIPT_OUTPUT_FILE_0}\"\n";
			showEnvVarsInLog = 0;
		};
		CABE77A110134B34CF11CB71 /* [CP] Embed Pods Frameworks */ = {
			isa = PBXShellScriptBuildPhase;
			buildActionMask = 2147483647;
			files = (
			);
			inputFileListPaths = (
				"${PODS_ROOT}/Target Support Files/Pods-FlutterLibPodDemo/Pods-FlutterLibPodDemo-frameworks-${CONFIGURATION}-input-files.xcfilelist",
			);
			name = "[CP] Embed Pods Frameworks";
			outputFileListPaths = (
				"${PODS_ROOT}/Target Support Files/Pods-FlutterLibPodDemo/Pods-FlutterLibPodDemo-frameworks-${CONFIGURATION}-output-files.xcfilelist",
			);
			runOnlyForDeploymentPostprocessing = 0;
			shellPath = /bin/sh;
			shellScript = "\"${PODS_ROOT}/Target Support Files/Pods-FlutterLibPodDemo/Pods-FlutterLibPodDemo-frameworks.sh\"\n";
			showEnvVarsInLog = 0;
		};
/* End PBXShellScriptBuildPhase section */

/* Begin PBXSourcesBuildPhase section */
		182646622AF0ACDE00708AEE /* Sources */ = {
			isa = PBXSourcesBuildPhase;
			buildActionMask = 2147483647;
			files = (
				1826466E2AF0ACDE00708AEE /* ViewController.swift in Sources */,
				1826466A2AF0ACDE00708AEE /* AppDelegate.swift in Sources */,
				1826466C2AF0ACDE00708AEE /* SceneDelegate.swift in Sources */,
			);
			runOnlyForDeploymentPostprocessing = 0;
		};
/* End PBXSourcesBuildPhase section */

/* Begin PBXVariantGroup section */
		1826466F2AF0ACDE00708AEE /* Main.storyboard */ = {
			isa = PBXVariantGroup;
			children = (
				182646702AF0ACDE00708AEE /* Base */,
			);
			name = Main.storyboard;
			sourceTree = "<group>";
		};
		182646742AF0ACDF00708AEE /* LaunchScreen.storyboard */ = {
			isa = PBXVariantGroup;
			children = (
				182646752AF0ACDF00708AEE /* Base */,
			);
			name = LaunchScreen.storyboard;
			sourceTree = "<group>";
		};
/* End PBXVariantGroup section */

/* Begin XCBuildConfiguration section */
		182646782AF0ACDF00708AEE /* Debug */ = {
			isa = XCBuildConfiguration;
			buildSettings = {
				ALWAYS_SEARCH_USER_PATHS = NO;
				CLANG_ANALYZER_NONNULL = YES;
				CLANG_ANALYZER_NUMBER_OBJECT_CONVERSION = YES_AGGRESSIVE;
				CLANG_CXX_LANGUAGE_STANDARD = "gnu++20";
				CLANG_ENABLE_MODULES = YES;
				CLANG_ENABLE_OBJC_ARC = YES;
				CLANG_ENABLE_OBJC_WEAK = YES;
				CLANG_WARN_BLOCK_CAPTURE_AUTORELEASING = YES;
				CLANG_WARN_BOOL_CONVERSION = YES;
				CLANG_WARN_COMMA = YES;
				CLANG_WARN_CONSTANT_CONVERSION = YES;
				CLANG_WARN_DEPRECATED_OBJC_IMPLEMENTATIONS = YES;
				CLANG_WARN_DIRECT_OBJC_ISA_USAGE = YES_ERROR;
				CLANG_WARN_DOCUMENTATION_COMMENTS = YES;
				CLANG_WARN_EMPTY_BODY = YES;
				CLANG_WARN_ENUM_CONVERSION = YES;
				CLANG_WARN_INFINITE_RECURSION = YES;
				CLANG_WARN_INT_CONVERSION = YES;
				CLANG_WARN_NON_LITERAL_NULL_CONVERSION = YES;
				CLANG_WARN_OBJC_IMPLICIT_RETAIN_SELF = YES;
				CLANG_WARN_OBJC_LITERAL_CONVERSION = YES;
				CLANG_WARN_OBJC_ROOT_CLASS = YES_ERROR;
				CLANG_WARN_QUOTED_INCLUDE_IN_FRAMEWORK_HEADER = YES;
				CLANG_WARN_RANGE_LOOP_ANALYSIS = YES;
				CLANG_WARN_STRICT_PROTOTYPES = YES;
				CLANG_WARN_SUSPICIOUS_MOVE = YES;
				CLANG_WARN_UNGUARDED_AVAILABILITY = YES_AGGRESSIVE;
				CLANG_WARN_UNREACHABLE_CODE = YES;
				CLANG_WARN__DUPLICATE_METHOD_MATCH = YES;
				COPY_PHASE_STRIP = NO;
				DEBUG_INFORMATION_FORMAT = dwarf;
				ENABLE_STRICT_OBJC_MSGSEND = YES;
				ENABLE_TESTABILITY = YES;
				GCC_C_LANGUAGE_STANDARD = gnu11;
				GCC_DYNAMIC_NO_PIC = NO;
				GCC_NO_COMMON_BLOCKS = YES;
				GCC_OPTIMIZATION_LEVEL = 0;
				GCC_PREPROCESSOR_DEFINITIONS = (
					"DEBUG=1",
					"$(inherited)",
				);
				GCC_WARN_64_TO_32_BIT_CONVERSION = YES;
				GCC_WARN_ABOUT_RETURN_TYPE = YES_ERROR;
				GCC_WARN_UNDECLARED_SELECTOR = YES;
				GCC_WARN_UNINITIALIZED_AUTOS = YES_AGGRESSIVE;
				GCC_WARN_UNUSED_FUNCTION = YES;
				GCC_WARN_UNUSED_VARIABLE = YES;
				IPHONEOS_DEPLOYMENT_TARGET = 16.4;
				MTL_ENABLE_DEBUG_INFO = INCLUDE_SOURCE;
				MTL_FAST_MATH = YES;
				ONLY_ACTIVE_ARCH = YES;
				SDKROOT = iphoneos;
				SWIFT_ACTIVE_COMPILATION_CONDITIONS = DEBUG;
				SWIFT_OPTIMIZATION_LEVEL = "-Onone";
			};
			name = Debug;
		};
		182646792AF0ACDF00708AEE /* Release */ = {
			isa = XCBuildConfiguration;
			buildSettings = {
				ALWAYS_SEARCH_USER_PATHS = NO;
				CLANG_ANALYZER_NONNULL = YES;
				CLANG_ANALYZER_NUMBER_OBJECT_CONVERSION = YES_AGGRESSIVE;
				CLANG_CXX_LANGUAGE_STANDARD = "gnu++20";
				CLANG_ENABLE_MODULES = YES;
				CLANG_ENABLE_OBJC_ARC = YES;
				CLANG_ENABLE_OBJC_WEAK = YES;
				CLANG_WARN_BLOCK_CAPTURE_AUTORELEASING = YES;
				CLANG_WARN_BOOL_CONVERSION = YES;
				CLANG_WARN_COMMA = YES;
				CLANG_WARN_CONSTANT_CONVERSION = YES;
				CLANG_WARN_DEPRECATED_OBJC_IMPLEMENTATIONS = YES;
				CLANG_WARN_DIRECT_OBJC_ISA_USAGE = YES_ERROR;
				CLANG_WARN_DOCUMENTATION_COMMENTS = YES;
				CLANG_WARN_EMPTY_BODY = YES;
				CLANG_WARN_ENUM_CONVERSION = YES;
				CLANG_WARN_INFINITE_RECURSION = YES;
				CLANG_WARN_INT_CONVERSION = YES;
				CLANG_WARN_NON_LITERAL_NULL_CONVERSION = YES;
				CLANG_WARN_OBJC_IMPLICIT_RETAIN_SELF = YES;
				CLANG_WARN_OBJC_LITERAL_CONVERSION = YES;
				CLANG_WARN_OBJC_ROOT_CLASS = YES_ERROR;
				CLANG_WARN_QUOTED_INCLUDE_IN_FRAMEWORK_HEADER = YES;
				CLANG_WARN_RANGE_LOOP_ANALYSIS = YES;
				CLANG_WARN_STRICT_PROTOTYPES = YES;
				CLANG_WARN_SUSPICIOUS_MOVE = YES;
				CLANG_WARN_UNGUARDED_AVAILABILITY = YES_AGGRESSIVE;
				CLANG_WARN_UNREACHABLE_CODE = YES;
				CLANG_WARN__DUPLICATE_METHOD_MATCH = YES;
				COPY_PHASE_STRIP = NO;
				DEBUG_INFORMATION_FORMAT = "dwarf-with-dsym";
				ENABLE_NS_ASSERTIONS = NO;
				ENABLE_STRICT_OBJC_MSGSEND = YES;
				GCC_C_LANGUAGE_STANDARD = gnu11;
				GCC_NO_COMMON_BLOCKS = YES;
				GCC_WARN_64_TO_32_BIT_CONVERSION = YES;
				GCC_WARN_ABOUT_RETURN_TYPE = YES_ERROR;
				GCC_WARN_UNDECLARED_SELECTOR = YES;
				GCC_WARN_UNINITIALIZED_AUTOS = YES_AGGRESSIVE;
				GCC_WARN_UNUSED_FUNCTION = YES;
				GCC_WARN_UNUSED_VARIABLE = YES;
				IPHONEOS_DEPLOYMENT_TARGET = 16.4;
				MTL_ENABLE_DEBUG_INFO = NO;
				MTL_FAST_MATH = YES;
				SDKROOT = iphoneos;
				SWIFT_COMPILATION_MODE = wholemodule;
				SWIFT_OPTIMIZATION_LEVEL = "-O";
				VALIDATE_PRODUCT = YES;
			};
			name = Release;
		};
		1826467B2AF0ACDF00708AEE /* Debug */ = {
			isa = XCBuildConfiguration;
			baseConfigurationReference = 9CE0B734B28F504C97E31D25 /* Pods-FlutterLibPodDemo.debug.xcconfig */;
			buildSettings = {
				ASSETCATALOG_COMPILER_APPICON_NAME = AppIcon;
				ASSETCATALOG_COMPILER_GLOBAL_ACCENT_COLOR_NAME = AccentColor;
				CODE_SIGN_STYLE = Automatic;
				CURRENT_PROJECT_VERSION = 1;
				DEVELOPMENT_TEAM = 7X4FCHGB38;
				GENERATE_INFOPLIST_FILE = YES;
				INFOPLIST_FILE = FlutterLibPodDemo/Info.plist;
				INFOPLIST_KEY_UIApplicationSupportsIndirectInputEvents = YES;
				INFOPLIST_KEY_UILaunchStoryboardName = LaunchScreen;
				INFOPLIST_KEY_UIMainStoryboardFile = Main;
				INFOPLIST_KEY_UISupportedInterfaceOrientations_iPad = "UIInterfaceOrientationPortrait UIInterfaceOrientationPortraitUpsideDown UIInterfaceOrientationLandscapeLeft UIInterfaceOrientationLandscapeRight";
				INFOPLIST_KEY_UISupportedInterfaceOrientations_iPhone = "UIInterfaceOrientationPortrait UIInterfaceOrientationLandscapeLeft UIInterfaceOrientationLandscapeRight";
				LD_RUNPATH_SEARCH_PATHS = (
					"$(inherited)",
					"@executable_path/Frameworks",
				);
				MARKETING_VERSION = 1.0;
				PRODUCT_BUNDLE_IDENTIFIER = com.nothing.FlutterLibPodDemo;
				PRODUCT_NAME = "$(TARGET_NAME)";
				SWIFT_EMIT_LOC_STRINGS = YES;
				SWIFT_VERSION = 5.0;
				TARGETED_DEVICE_FAMILY = "1,2";
			};
			name = Debug;
		};
		1826467C2AF0ACDF00708AEE /* Release */ = {
			isa = XCBuildConfiguration;
			baseConfigurationReference = 26A9D1F70F0A573555BA2564 /* Pods-FlutterLibPodDemo.release.xcconfig */;
			buildSettings = {
				ASSETCATALOG_COMPILER_APPICON_NAME = AppIcon;
				ASSETCATALOG_COMPILER_GLOBAL_ACCENT_COLOR_NAME = AccentColor;
				CODE_SIGN_STYLE = Automatic;
				CURRENT_PROJECT_VERSION = 1;
				DEVELOPMENT_TEAM = 7X4FCHGB38;
				GENERATE_INFOPLIST_FILE = YES;
				INFOPLIST_FILE = FlutterLibPodDemo/Info.plist;
				INFOPLIST_KEY_UIApplicationSupportsIndirectInputEvents = YES;
				INFOPLIST_KEY_UILaunchStoryboardName = LaunchScreen;
				INFOPLIST_KEY_UIMainStoryboardFile = Main;
				INFOPLIST_KEY_UISupportedInterfaceOrientations_iPad = "UIInterfaceOrientationPortrait UIInterfaceOrientationPortraitUpsideDown UIInterfaceOrientationLandscapeLeft UIInterfaceOrientationLandscapeRight";
				INFOPLIST_KEY_UISupportedInterfaceOrientations_iPhone = "UIInterfaceOrientationPortrait UIInterfaceOrientationLandscapeLeft UIInterfaceOrientationLandscapeRight";
				LD_RUNPATH_SEARCH_PATHS = (
					"$(inherited)",
					"@executable_path/Frameworks",
				);
				MARKETING_VERSION = 1.0;
				PRODUCT_BUNDLE_IDENTIFIER = com.nothing.FlutterLibPodDemo;
				PRODUCT_NAME = "$(TARGET_NAME)";
				SWIFT_EMIT_LOC_STRINGS = YES;
				SWIFT_VERSION = 5.0;
				TARGETED_DEVICE_FAMILY = "1,2";
			};
			name = Release;
		};
/* End XCBuildConfiguration section */

/* Begin XCConfigurationList section */
		182646612AF0ACDE00708AEE /* Build configuration list for PBXProject "FlutterLibPodDemo" */ = {
			isa = XCConfigurationList;
			buildConfigurations = (
				182646782AF0ACDF00708AEE /* Debug */,
				182646792AF0ACDF00708AEE /* Release */,
			);
			defaultConfigurationIsVisible = 0;
			defaultConfigurationName = Release;
		};
		1826467A2AF0ACDF00708AEE /* Build configuration list for PBXNativeTarget "FlutterLibPodDemo" */ = {
			isa = XCConfigurationList;
			buildConfigurations = (
				1826467B2AF0ACDF00708AEE /* Debug */,
				1826467C2AF0ACDF00708AEE /* Release */,
			);
			defaultConfigurationIsVisible = 0;
			defaultConfigurationName = Release;
		};
/* End XCConfigurationList section */
	};
	rootObject = 1826465E2AF0ACDE00708AEE /* Project object */;
}
