// !$*UTF8*$!
{
	archiveVersion = 1;
	classes = {
	};
	objectVersion = 56;
	objects = {

/* Begin PBXBuildFile section */
		1826469C2AF49F4700708AEE /* App.xcframework in Embed Frameworks */ = {isa = PBXBuildFile; fileRef = 182646992AF49F4700708AEE /* App.xcframework */; settings = {ATTRIBUTES = (CodeSignOnCopy, RemoveHeadersOnCopy, ); }; };
		1826469D2AF49F4700708AEE /* flutter_boost.xcframework in Embed Frameworks */ = {isa = PBXBuildFile; fileRef = 1826469A2AF49F4700708AEE /* flutter_boost.xcframework */; settings = {ATTRIBUTES = (CodeSignOnCopy, RemoveHeadersOnCopy, ); }; };
		1826469E2AF49F4700708AEE /* FlutterPluginRegistrant.xcframework in Embed Frameworks */ = {isa = PBXBuildFile; fileRef = 1826469B2AF49F4700708AEE /* FlutterPluginRegistrant.xcframework */; settings = {ATTRIBUTES = (CodeSignOnCopy, RemoveHeadersOnCopy, ); }; };
		182646A02AF4A04100708AEE /* FlutterDelegate.swift in Sources */ = {isa = PBXBuildFile; fileRef = 1826469F2AF4A04100708AEE /* FlutterDelegate.swift */; };
		18E596EF2AE2291500978164 /* AppDelegate.swift in Sources */ = {isa = PBXBuildFile; fileRef = 18E596EE2AE2291500978164 /* AppDelegate.swift */; };
		18E596F32AE2291500978164 /* ViewController.swift in Sources */ = {isa = PBXBuildFile; fileRef = 18E596F22AE2291500978164 /* ViewController.swift */; };
		18E596F62AE2291500978164 /* Main.storyboard in Resources */ = {isa = PBXBuildFile; fileRef = 18E596F42AE2291500978164 /* Main.storyboard */; };
		18E596F82AE2291600978164 /* Assets.xcassets in Resources */ = {isa = PBXBuildFile; fileRef = 18E596F72AE2291600978164 /* Assets.xcassets */; };
		18E596FB2AE2291600978164 /* LaunchScreen.storyboard in Resources */ = {isa = PBXBuildFile; fileRef = 18E596F92AE2291600978164 /* LaunchScreen.storyboard */; };
		18E5971E2AE2789700978164 /* ViewController.swift in Sources */ = {isa = PBXBuildFile; fileRef = 18E597142AE2789700978164 /* ViewController.swift */; };
		18E5971F2AE2789700978164 /* Info-Release.plist in Resources */ = {isa = PBXBuildFile; fileRef = 18E597152AE2789700978164 /* Info-Release.plist */; };
		18E597202AE2789700978164 /* Assets.xcassets in Resources */ = {isa = PBXBuildFile; fileRef = 18E597162AE2789700978164 /* Assets.xcassets */; };
		18E597212AE2789700978164 /* LaunchScreen.storyboard in Resources */ = {isa = PBXBuildFile; fileRef = 18E597172AE2789700978164 /* LaunchScreen.storyboard */; };
		18E597222AE2789700978164 /* Main.storyboard in Resources */ = {isa = PBXBuildFile; fileRef = 18E597192AE2789700978164 /* Main.storyboard */; };
		18E597232AE2789700978164 /* Info-Debug.plist in Resources */ = {isa = PBXBuildFile; fileRef = 18E5971B2AE2789700978164 /* Info-Debug.plist */; };
		18E597242AE2789700978164 /* AppDelegate.swift in Sources */ = {isa = PBXBuildFile; fileRef = 18E5971C2AE2789700978164 /* AppDelegate.swift */; };
		812759E7F1577847727988BD /* Pods_flutter_demo.framework in Frameworks */ = {isa = PBXBuildFile; fileRef = 89B8DEB49D380CFDF6CCB742 /* Pods_flutter_demo.framework */; };
/* End PBXBuildFile section */

/* Begin PBXCopyFilesBuildPhase section */
		1873AFE12AE27E7D00DBB651 /* Embed Frameworks */ = {
			isa = PBXCopyFilesBuildPhase;
			buildActionMask = 2147483647;
			dstPath = "";
			dstSubfolderSpec = 10;
			files = (
				1826469C2AF49F4700708AEE /* App.xcframework in Embed Frameworks */,
				1826469D2AF49F4700708AEE /* flutter_boost.xcframework in Embed Frameworks */,
				1826469E2AF49F4700708AEE /* FlutterPluginRegistrant.xcframework in Embed Frameworks */,
			);
			name = "Embed Frameworks";
			runOnlyForDeploymentPostprocessing = 0;
		};
/* End PBXCopyFilesBuildPhase section */

/* Begin PBXFileReference section */
		0AB6D5A5902FEA18E3DC6A3E /* Pods-flutter-demo.release.xcconfig */ = {isa = PBXFileReference; includeInIndex = 1; lastKnownFileType = text.xcconfig; name = "Pods-flutter-demo.release.xcconfig"; path = "Target Support Files/Pods-flutter-demo/Pods-flutter-demo.release.xcconfig"; sourceTree = "<group>"; };
		182646992AF49F4700708AEE /* App.xcframework */ = {isa = PBXFileReference; lastKnownFileType = wrapper.xcframework; name = App.xcframework; path = flutter/Debug/App.xcframework; sourceTree = "<group>"; };
		1826469A2AF49F4700708AEE /* flutter_boost.xcframework */ = {isa = PBXFileReference; lastKnownFileType = wrapper.xcframework; name = flutter_boost.xcframework; path = flutter/Debug/flutter_boost.xcframework; sourceTree = "<group>"; };
		1826469B2AF49F4700708AEE /* FlutterPluginRegistrant.xcframework */ = {isa = PBXFileReference; lastKnownFileType = wrapper.xcframework; name = FlutterPluginRegistrant.xcframework; path = flutter/Debug/FlutterPluginRegistrant.xcframework; sourceTree = "<group>"; };
		1826469F2AF4A04100708AEE /* FlutterDelegate.swift */ = {isa = PBXFileReference; fileEncoding = 4; lastKnownFileType = sourcecode.swift; name = FlutterDelegate.swift; path = ../../FlutterLibPodDemo/FlutterLibPodDemo/FlutterDelegate.swift; sourceTree = "<group>"; };
		18E596EB2AE2291500978164 /* flutter-demo.app */ = {isa = PBXFileReference; explicitFileType = wrapper.application; includeInIndex = 0; path = "flutter-demo.app"; sourceTree = BUILT_PRODUCTS_DIR; };
		18E596EE2AE2291500978164 /* AppDelegate.swift */ = {isa = PBXFileReference; lastKnownFileType = sourcecode.swift; path = AppDelegate.swift; sourceTree = "<group>"; };
		18E596F22AE2291500978164 /* ViewController.swift */ = {isa = PBXFileReference; lastKnownFileType = sourcecode.swift; path = ViewController.swift; sourceTree = "<group>"; };
		18E596F52AE2291500978164 /* Base */ = {isa = PBXFileReference; lastKnownFileType = file.storyboard; name = Base; path = Base.lproj/Main.storyboard; sourceTree = "<group>"; };
		18E596F72AE2291600978164 /* Assets.xcassets */ = {isa = PBXFileReference; lastKnownFileType = folder.assetcatalog; path = Assets.xcassets; sourceTree = "<group>"; };
		18E596FA2AE2291600978164 /* Base */ = {isa = PBXFileReference; lastKnownFileType = file.storyboard; name = Base; path = Base.lproj/LaunchScreen.storyboard; sourceTree = "<group>"; };
		18E597052AE26D1500978164 /* Info-Release.plist */ = {isa = PBXFileReference; fileEncoding = 4; lastKnownFileType = text.plist.xml; path = "Info-Release.plist"; sourceTree = "<group>"; };
		18E597062AE26D1500978164 /* Info-Debug.plist */ = {isa = PBXFileReference; fileEncoding = 4; lastKnownFileType = text.plist.xml; path = "Info-Debug.plist"; sourceTree = "<group>"; };
		18E5970A2AE2768A00978164 /* Flutter.xcframework */ = {isa = PBXFileReference; lastKnownFileType = wrapper.xcframework; name = Flutter.xcframework; path = ios_frameworks/Flutter.xcframework; sourceTree = "<group>"; };
		18E5970B2AE2768A00978164 /* App.xcframework */ = {isa = PBXFileReference; lastKnownFileType = wrapper.xcframework; name = App.xcframework; path = ios_frameworks/App.xcframework; sourceTree = "<group>"; };
		18E597142AE2789700978164 /* ViewController.swift */ = {isa = PBXFileReference; fileEncoding = 4; lastKnownFileType = sourcecode.swift; path = ViewController.swift; sourceTree = "<group>"; };
		18E597152AE2789700978164 /* Info-Release.plist */ = {isa = PBXFileReference; fileEncoding = 4; lastKnownFileType = text.plist.xml; path = "Info-Release.plist"; sourceTree = "<group>"; };
		18E597162AE2789700978164 /* Assets.xcassets */ = {isa = PBXFileReference; lastKnownFileType = folder.assetcatalog; path = Assets.xcassets; sourceTree = "<group>"; };
		18E597182AE2789700978164 /* Base */ = {isa = PBXFileReference; lastKnownFileType = file.storyboard; name = Base; path = Base.lproj/LaunchScreen.storyboard; sourceTree = "<group>"; };
		18E5971A2AE2789700978164 /* Base */ = {isa = PBXFileReference; lastKnownFileType = file.storyboard; name = Base; path = Base.lproj/Main.storyboard; sourceTree = "<group>"; };
		18E5971B2AE2789700978164 /* Info-Debug.plist */ = {isa = PBXFileReference; fileEncoding = 4; lastKnownFileType = text.plist.xml; path = "Info-Debug.plist"; sourceTree = "<group>"; };
		18E5971C2AE2789700978164 /* AppDelegate.swift */ = {isa = PBXFileReference; fileEncoding = 4; lastKnownFileType = sourcecode.swift; path = AppDelegate.swift; sourceTree = "<group>"; };
		351A48D38E8A22749D6AFDE8 /* Pods-flutter-demo.debug.xcconfig */ = {isa = PBXFileReference; includeInIndex = 1; lastKnownFileType = text.xcconfig; name = "Pods-flutter-demo.debug.xcconfig"; path = "Target Support Files/Pods-flutter-demo/Pods-flutter-demo.debug.xcconfig"; sourceTree = "<group>"; };
		89B8DEB49D380CFDF6CCB742 /* Pods_flutter_demo.framework */ = {isa = PBXFileReference; explicitFileType = wrapper.framework; includeInIndex = 0; path = Pods_flutter_demo.framework; sourceTree = BUILT_PRODUCTS_DIR; };
/* End PBXFileReference section */

/* Begin PBXFrameworksBuildPhase section */
		18E596E82AE2291500978164 /* Frameworks */ = {
			isa = PBXFrameworksBuildPhase;
			buildActionMask = 2147483647;
			files = (
				812759E7F1577847727988BD /* Pods_flutter_demo.framework in Frameworks */,
			);
			runOnlyForDeploymentPostprocessing = 0;
		};
/* End PBXFrameworksBuildPhase section */

/* Begin PBXGroup section */
		18E596E22AE2291500978164 = {
			isa = PBXGroup;
			children = (
				182646992AF49F4700708AEE /* App.xcframework */,
				1826469A2AF49F4700708AEE /* flutter_boost.xcframework */,
				1826469B2AF49F4700708AEE /* FlutterPluginRegistrant.xcframework */,
				18E596ED2AE2291500978164 /* flutter-demo */,
				18E597132AE2789700978164 /* flutter-demo */,
				18E596EC2AE2291500978164 /* Products */,
				BF9584E9896AC147221F81B8 /* Pods */,
				A7536FC342611BAB2C536BCA /* Frameworks */,
			);
			sourceTree = "<group>";
		};
		18E596EC2AE2291500978164 /* Products */ = {
			isa = PBXGroup;
			children = (
				18E596EB2AE2291500978164 /* flutter-demo.app */,
			);
			name = Products;
			sourceTree = "<group>";
		};
		18E596ED2AE2291500978164 /* flutter-demo */ = {
			isa = PBXGroup;
			children = (
				1826469F2AF4A04100708AEE /* FlutterDelegate.swift */,
				18E596EE2AE2291500978164 /* AppDelegate.swift */,
				18E596F22AE2291500978164 /* ViewController.swift */,
				18E596F42AE2291500978164 /* Main.storyboard */,
				18E596F72AE2291600978164 /* Assets.xcassets */,
				18E596F92AE2291600978164 /* LaunchScreen.storyboard */,
				18E597062AE26D1500978164 /* Info-Debug.plist */,
				18E597052AE26D1500978164 /* Info-Release.plist */,
			);
			path = "flutter-demo";
			sourceTree = "<group>";
		};
		18E597132AE2789700978164 /* flutter-demo */ = {
			isa = PBXGroup;
			children = (
				18E597142AE2789700978164 /* ViewController.swift */,
				18E597152AE2789700978164 /* Info-Release.plist */,
				18E597162AE2789700978164 /* Assets.xcassets */,
				18E597172AE2789700978164 /* LaunchScreen.storyboard */,
				18E597192AE2789700978164 /* Main.storyboard */,
				18E5971B2AE2789700978164 /* Info-Debug.plist */,
				18E5971C2AE2789700978164 /* AppDelegate.swift */,
			);
			path = "flutter-demo";
			sourceTree = "<group>";
		};
		A7536FC342611BAB2C536BCA /* Frameworks */ = {
			isa = PBXGroup;
			children = (
				18E5970B2AE2768A00978164 /* App.xcframework */,
				18E5970A2AE2768A00978164 /* Flutter.xcframework */,
				89B8DEB49D380CFDF6CCB742 /* Pods_flutter_demo.framework */,
			);
			name = Frameworks;
			sourceTree = "<group>";
		};
		BF9584E9896AC147221F81B8 /* Pods */ = {
			isa = PBXGroup;
			children = (
				351A48D38E8A22749D6AFDE8 /* Pods-flutter-demo.debug.xcconfig */,
				0AB6D5A5902FEA18E3DC6A3E /* Pods-flutter-demo.release.xcconfig */,
			);
			path = Pods;
			sourceTree = "<group>";
		};
/* End PBXGroup section */

/* Begin PBXNativeTarget section */
		18E596EA2AE2291500978164 /* flutter-demo */ = {
			isa = PBXNativeTarget;
			buildConfigurationList = 18E596FF2AE2291600978164 /* Build configuration list for PBXNativeTarget "flutter-demo" */;
			buildPhases = (
				2CE671E687050D25C799933C /* [CP] Check Pods Manifest.lock */,
				18E596E72AE2291500978164 /* Sources */,
				18E596E82AE2291500978164 /* Frameworks */,
				18E596E92AE2291500978164 /* Resources */,
				1873AFE12AE27E7D00DBB651 /* Embed Frameworks */,
				5647168DEBF38EB9346204B3 /* [CP] Embed Pods Frameworks */,
				182646322AEA61AD00708AEE /* ShellScript */,
			);
			buildRules = (
			);
			dependencies = (
			);
			name = "flutter-demo";
			productName = "flutter-demo";
			productReference = 18E596EB2AE2291500978164 /* flutter-demo.app */;
			productType = "com.apple.product-type.application";
		};
/* End PBXNativeTarget section */

/* Begin PBXProject section */
		18E596E32AE2291500978164 /* Project object */ = {
			isa = PBXProject;
			attributes = {
				BuildIndependentTargetsInParallel = 1;
				LastSwiftUpdateCheck = 1430;
				LastUpgradeCheck = 1430;
				TargetAttributes = {
					18E596EA2AE2291500978164 = {
						CreatedOnToolsVersion = 14.3.1;
					};
				};
			};
			buildConfigurationList = 18E596E62AE2291500978164 /* Build configuration list for PBXProject "flutter-demo" */;
			compatibilityVersion = "Xcode 14.0";
			developmentRegion = en;
			hasScannedForEncodings = 0;
			knownRegions = (
				en,
				Base,
			);
			mainGroup = 18E596E22AE2291500978164;
			productRefGroup = 18E596EC2AE2291500978164 /* Products */;
			projectDirPath = "";
			projectRoot = "";
			targets = (
				18E596EA2AE2291500978164 /* flutter-demo */,
			);
		};
/* End PBXProject section */

/* Begin PBXResourcesBuildPhase section */
		18E596E92AE2291500978164 /* Resources */ = {
			isa = PBXResourcesBuildPhase;
			buildActionMask = 2147483647;
			files = (
				18E597222AE2789700978164 /* Main.storyboard in Resources */,
				18E596FB2AE2291600978164 /* LaunchScreen.storyboard in Resources */,
				18E597232AE2789700978164 /* Info-Debug.plist in Resources */,
				18E596F82AE2291600978164 /* Assets.xcassets in Resources */,
				18E5971F2AE2789700978164 /* Info-Release.plist in Resources */,
				18E597212AE2789700978164 /* LaunchScreen.storyboard in Resources */,
				18E596F62AE2291500978164 /* Main.storyboard in Resources */,
				18E597202AE2789700978164 /* Assets.xcassets in Resources */,
			);
			runOnlyForDeploymentPostprocessing = 0;
		};
/* End PBXResourcesBuildPhase section */

/* Begin PBXShellScriptBuildPhase section */
		182646322AEA61AD00708AEE /* ShellScript */ = {
			isa = PBXShellScriptBuildPhase;
			buildActionMask = 2147483647;
			files = (
			);
			inputFileListPaths = (
			);
			inputPaths = (
			);
			outputFileListPaths = (
			);
			outputPaths = (
			);
			runOnlyForDeploymentPostprocessing = 0;
			shellPath = /bin/sh;
			shellScript = "# Type a script or drag a script file from your workspace to insert its path.\n\"$FLUTTER_ROOT/packages/flutter_tools/bin/xcode_backend.sh\" build\n\"$FLUTTER_ROOT/packages/flutter_tools/bin/xcode_backend.sh\" embed ${SOURCE_ROOT}/Flutter/App.framework\n";
		};
		2CE671E687050D25C799933C /* [CP] Check Pods Manifest.lock */ = {
			isa = PBXShellScriptBuildPhase;
			buildActionMask = 2147483647;
			files = (
			);
			inputFileListPaths = (
			);
			inputPaths = (
				"${PODS_PODFILE_DIR_PATH}/Podfile.lock",
				"${PODS_ROOT}/Manifest.lock",
			);
			name = "[CP] Check Pods Manifest.lock";
			outputFileListPaths = (
			);
			outputPaths = (
				"$(DERIVED_FILE_DIR)/Pods-flutter-demo-checkManifestLockResult.txt",
			);
			runOnlyForDeploymentPostprocessing = 0;
			shellPath = /bin/sh;
			shellScript = "diff \"${PODS_PODFILE_DIR_PATH}/Podfile.lock\" \"${PODS_ROOT}/Manifest.lock\" > /dev/null\nif [ $? != 0 ] ; then\n    # print error to STDERR\n    echo \"error: The sandbox is not in sync with the Podfile.lock. Run 'pod install' or update your CocoaPods installation.\" >&2\n    exit 1\nfi\n# This output is used by Xcode 'outputs' to avoid re-running this script phase.\necho \"SUCCESS\" > \"${SCRIPT_OUTPUT_FILE_0}\"\n";
			showEnvVarsInLog = 0;
		};
		5647168DEBF38EB9346204B3 /* [CP] Embed Pods Frameworks */ = {
			isa = PBXShellScriptBuildPhase;
			buildActionMask = 2147483647;
			files = (
			);
			inputFileListPaths = (
				"${PODS_ROOT}/Target Support Files/Pods-flutter-demo/Pods-flutter-demo-frameworks-${CONFIGURATION}-input-files.xcfilelist",
			);
			name = "[CP] Embed Pods Frameworks";
			outputFileListPaths = (
				"${PODS_ROOT}/Target Support Files/Pods-flutter-demo/Pods-flutter-demo-frameworks-${CONFIGURATION}-output-files.xcfilelist",
			);
			runOnlyForDeploymentPostprocessing = 0;
			shellPath = /bin/sh;
			shellScript = "\"${PODS_ROOT}/Target Support Files/Pods-flutter-demo/Pods-flutter-demo-frameworks.sh\"\n";
			showEnvVarsInLog = 0;
		};
/* End PBXShellScriptBuildPhase section */

/* Begin PBXSourcesBuildPhase section */
		18E596E72AE2291500978164 /* Sources */ = {
			isa = PBXSourcesBuildPhase;
			buildActionMask = 2147483647;
			files = (
				182646A02AF4A04100708AEE /* FlutterDelegate.swift in Sources */,
				18E597242AE2789700978164 /* AppDelegate.swift in Sources */,
				18E5971E2AE2789700978164 /* ViewController.swift in Sources */,
				18E596F32AE2291500978164 /* ViewController.swift in Sources */,
				18E596EF2AE2291500978164 /* AppDelegate.swift in Sources */,
			);
			runOnlyForDeploymentPostprocessing = 0;
		};
/* End PBXSourcesBuildPhase section */

/* Begin PBXVariantGroup section */
		18E596F42AE2291500978164 /* Main.storyboard */ = {
			isa = PBXVariantGroup;
			children = (
				18E596F52AE2291500978164 /* Base */,
			);
			name = Main.storyboard;
			sourceTree = "<group>";
		};
		18E596F92AE2291600978164 /* LaunchScreen.storyboard */ = {
			isa = PBXVariantGroup;
			children = (
				18E596FA2AE2291600978164 /* Base */,
			);
			name = LaunchScreen.storyboard;
			sourceTree = "<group>";
		};
		18E597172AE2789700978164 /* LaunchScreen.storyboard */ = {
			isa = PBXVariantGroup;
			children = (
				18E597182AE2789700978164 /* Base */,
			);
			name = LaunchScreen.storyboard;
			sourceTree = "<group>";
		};
		18E597192AE2789700978164 /* Main.storyboard */ = {
			isa = PBXVariantGroup;
			children = (
				18E5971A2AE2789700978164 /* Base */,
			);
			name = Main.storyboard;
			sourceTree = "<group>";
		};
/* End PBXVariantGroup section */

/* Begin XCBuildConfiguration section */
		18E596FD2AE2291600978164 /* Debug */ = {
			isa = XCBuildConfiguration;
			buildSettings = {
				ALWAYS_SEARCH_USER_PATHS = NO;
				CLANG_ANALYZER_NONNULL = YES;
				CLANG_ANALYZER_NUMBER_OBJECT_CONVERSION = YES_AGGRESSIVE;
				CLANG_CXX_LANGUAGE_STANDARD = "gnu++20";
				CLANG_ENABLE_MODULES = YES;
				CLANG_ENABLE_OBJC_ARC = YES;
				CLANG_ENABLE_OBJC_WEAK = YES;
				CLANG_WARN_BLOCK_CAPTURE_AUTORELEASING = YES;
				CLANG_WARN_BOOL_CONVERSION = YES;
				CLANG_WARN_COMMA = YES;
				CLANG_WARN_CONSTANT_CONVERSION = YES;
				CLANG_WARN_DEPRECATED_OBJC_IMPLEMENTATIONS = YES;
				CLANG_WARN_DIRECT_OBJC_ISA_USAGE = YES_ERROR;
				CLANG_WARN_DOCUMENTATION_COMMENTS = YES;
				CLANG_WARN_EMPTY_BODY = YES;
				CLANG_WARN_ENUM_CONVERSION = YES;
				CLANG_WARN_INFINITE_RECURSION = YES;
				CLANG_WARN_INT_CONVERSION = YES;
				CLANG_WARN_NON_LITERAL_NULL_CONVERSION = YES;
				CLANG_WARN_OBJC_IMPLICIT_RETAIN_SELF = YES;
				CLANG_WARN_OBJC_LITERAL_CONVERSION = YES;
				CLANG_WARN_OBJC_ROOT_CLASS = YES_ERROR;
				CLANG_WARN_QUOTED_INCLUDE_IN_FRAMEWORK_HEADER = YES;
				CLANG_WARN_RANGE_LOOP_ANALYSIS = YES;
				CLANG_WARN_STRICT_PROTOTYPES = YES;
				CLANG_WARN_SUSPICIOUS_MOVE = YES;
				CLANG_WARN_UNGUARDED_AVAILABILITY = YES_AGGRESSIVE;
				CLANG_WARN_UNREACHABLE_CODE = YES;
				CLANG_WARN__DUPLICATE_METHOD_MATCH = YES;
				COPY_PHASE_STRIP = NO;
				DEBUG_INFORMATION_FORMAT = dwarf;
				ENABLE_STRICT_OBJC_MSGSEND = YES;
				ENABLE_TESTABILITY = YES;
				GCC_C_LANGUAGE_STANDARD = gnu11;
				GCC_DYNAMIC_NO_PIC = NO;
				GCC_NO_COMMON_BLOCKS = YES;
				GCC_OPTIMIZATION_LEVEL = 0;
				GCC_PREPROCESSOR_DEFINITIONS = (
					"DEBUG=1",
					"$(inherited)",
				);
				GCC_WARN_64_TO_32_BIT_CONVERSION = YES;
				GCC_WARN_ABOUT_RETURN_TYPE = YES_ERROR;
				GCC_WARN_UNDECLARED_SELECTOR = YES;
				GCC_WARN_UNINITIALIZED_AUTOS = YES_AGGRESSIVE;
				GCC_WARN_UNUSED_FUNCTION = YES;
				GCC_WARN_UNUSED_VARIABLE = YES;
				IPHONEOS_DEPLOYMENT_TARGET = 16.4;
				MTL_ENABLE_DEBUG_INFO = INCLUDE_SOURCE;
				MTL_FAST_MATH = YES;
				ONLY_ACTIVE_ARCH = YES;
				SDKROOT = iphoneos;
				SWIFT_ACTIVE_COMPILATION_CONDITIONS = DEBUG;
				SWIFT_OPTIMIZATION_LEVEL = "-Onone";
			};
			name = Debug;
		};
		18E596FE2AE2291600978164 /* Release */ = {
			isa = XCBuildConfiguration;
			buildSettings = {
				ALWAYS_SEARCH_USER_PATHS = NO;
				CLANG_ANALYZER_NONNULL = YES;
				CLANG_ANALYZER_NUMBER_OBJECT_CONVERSION = YES_AGGRESSIVE;
				CLANG_CXX_LANGUAGE_STANDARD = "gnu++20";
				CLANG_ENABLE_MODULES = YES;
				CLANG_ENABLE_OBJC_ARC = YES;
				CLANG_ENABLE_OBJC_WEAK = YES;
				CLANG_WARN_BLOCK_CAPTURE_AUTORELEASING = YES;
				CLANG_WARN_BOOL_CONVERSION = YES;
				CLANG_WARN_COMMA = YES;
				CLANG_WARN_CONSTANT_CONVERSION = YES;
				CLANG_WARN_DEPRECATED_OBJC_IMPLEMENTATIONS = YES;
				CLANG_WARN_DIRECT_OBJC_ISA_USAGE = YES_ERROR;
				CLANG_WARN_DOCUMENTATION_COMMENTS = YES;
				CLANG_WARN_EMPTY_BODY = YES;
				CLANG_WARN_ENUM_CONVERSION = YES;
				CLANG_WARN_INFINITE_RECURSION = YES;
				CLANG_WARN_INT_CONVERSION = YES;
				CLANG_WARN_NON_LITERAL_NULL_CONVERSION = YES;
				CLANG_WARN_OBJC_IMPLICIT_RETAIN_SELF = YES;
				CLANG_WARN_OBJC_LITERAL_CONVERSION = YES;
				CLANG_WARN_OBJC_ROOT_CLASS = YES_ERROR;
				CLANG_WARN_QUOTED_INCLUDE_IN_FRAMEWORK_HEADER = YES;
				CLANG_WARN_RANGE_LOOP_ANALYSIS = YES;
				CLANG_WARN_STRICT_PROTOTYPES = YES;
				CLANG_WARN_SUSPICIOUS_MOVE = YES;
				CLANG_WARN_UNGUARDED_AVAILABILITY = YES_AGGRESSIVE;
				CLANG_WARN_UNREACHABLE_CODE = YES;
				CLANG_WARN__DUPLICATE_METHOD_MATCH = YES;
				COPY_PHASE_STRIP = NO;
				DEBUG_INFORMATION_FORMAT = "dwarf-with-dsym";
				ENABLE_NS_ASSERTIONS = NO;
				ENABLE_STRICT_OBJC_MSGSEND = YES;
				GCC_C_LANGUAGE_STANDARD = gnu11;
				GCC_NO_COMMON_BLOCKS = YES;
				GCC_WARN_64_TO_32_BIT_CONVERSION = YES;
				GCC_WARN_ABOUT_RETURN_TYPE = YES_ERROR;
				GCC_WARN_UNDECLARED_SELECTOR = YES;
				GCC_WARN_UNINITIALIZED_AUTOS = YES_AGGRESSIVE;
				GCC_WARN_UNUSED_FUNCTION = YES;
				GCC_WARN_UNUSED_VARIABLE = YES;
				IPHONEOS_DEPLOYMENT_TARGET = 16.4;
				MTL_ENABLE_DEBUG_INFO = NO;
				MTL_FAST_MATH = YES;
				SDKROOT = iphoneos;
				SWIFT_COMPILATION_MODE = wholemodule;
				SWIFT_OPTIMIZATION_LEVEL = "-O";
				VALIDATE_PRODUCT = YES;
			};
			name = Release;
		};
		18E597002AE2291600978164 /* Debug */ = {
			isa = XCBuildConfiguration;
			baseConfigurationReference = 351A48D38E8A22749D6AFDE8 /* Pods-flutter-demo.debug.xcconfig */;
			buildSettings = {
				ASSETCATALOG_COMPILER_APPICON_NAME = AppIcon;
				ASSETCATALOG_COMPILER_GLOBAL_ACCENT_COLOR_NAME = AccentColor;
				CODE_SIGN_STYLE = Automatic;
				CURRENT_PROJECT_VERSION = 1;
				DEVELOPMENT_TEAM = 7X4FCHGB38;
				FLUTTER_ROOT = "/Users/nothing/Desktop/projects/NothingX_Pre_Demo/flutter-sdk/flutter";
				GENERATE_INFOPLIST_FILE = YES;
				INFOPLIST_FILE = "flutter-demo/Info-Debug.plist";
				INFOPLIST_KEY_UIApplicationSupportsIndirectInputEvents = YES;
				INFOPLIST_KEY_UILaunchStoryboardName = LaunchScreen;
				INFOPLIST_KEY_UIMainStoryboardFile = Main;
				INFOPLIST_KEY_UISupportedInterfaceOrientations_iPad = "UIInterfaceOrientationPortrait UIInterfaceOrientationPortraitUpsideDown UIInterfaceOrientationLandscapeLeft UIInterfaceOrientationLandscapeRight";
				INFOPLIST_KEY_UISupportedInterfaceOrientations_iPhone = "UIInterfaceOrientationPortrait UIInterfaceOrientationLandscapeLeft UIInterfaceOrientationLandscapeRight";
				LD_RUNPATH_SEARCH_PATHS = (
					"$(inherited)",
					"@executable_path/Frameworks",
				);
				MARKETING_VERSION = 1.0;
				PRODUCT_BUNDLE_IDENTIFIER = "com.nothing.flutter-demo";
				PRODUCT_NAME = "$(TARGET_NAME)";
				SWIFT_EMIT_LOC_STRINGS = YES;
				SWIFT_VERSION = 5.0;
				TARGETED_DEVICE_FAMILY = "1,2";
			};
			name = Debug;
		};
		18E597012AE2291600978164 /* Release */ = {
			isa = XCBuildConfiguration;
			baseConfigurationReference = 0AB6D5A5902FEA18E3DC6A3E /* Pods-flutter-demo.release.xcconfig */;
			buildSettings = {
				ASSETCATALOG_COMPILER_APPICON_NAME = AppIcon;
				ASSETCATALOG_COMPILER_GLOBAL_ACCENT_COLOR_NAME = AccentColor;
				CODE_SIGN_STYLE = Automatic;
				CURRENT_PROJECT_VERSION = 1;
				DEVELOPMENT_TEAM = 7X4FCHGB38;
				FLUTTER_ROOT = "/Users/nothing/Desktop/projects/NothingX_Pre_Demo/flutter-sdk/flutter";
				GENERATE_INFOPLIST_FILE = YES;
				INFOPLIST_FILE = "flutter-demo/Info-Release.plist";
				INFOPLIST_KEY_UIApplicationSupportsIndirectInputEvents = YES;
				INFOPLIST_KEY_UILaunchStoryboardName = LaunchScreen;
				INFOPLIST_KEY_UIMainStoryboardFile = Main;
				INFOPLIST_KEY_UISupportedInterfaceOrientations_iPad = "UIInterfaceOrientationPortrait UIInterfaceOrientationPortraitUpsideDown UIInterfaceOrientationLandscapeLeft UIInterfaceOrientationLandscapeRight";
				INFOPLIST_KEY_UISupportedInterfaceOrientations_iPhone = "UIInterfaceOrientationPortrait UIInterfaceOrientationLandscapeLeft UIInterfaceOrientationLandscapeRight";
				LD_RUNPATH_SEARCH_PATHS = (
					"$(inherited)",
					"@executable_path/Frameworks",
				);
				MARKETING_VERSION = 1.0;
				PRODUCT_BUNDLE_IDENTIFIER = "com.nothing.flutter-demo";
				PRODUCT_NAME = "$(TARGET_NAME)";
				SWIFT_EMIT_LOC_STRINGS = YES;
				SWIFT_VERSION = 5.0;
				TARGETED_DEVICE_FAMILY = "1,2";
			};
			name = Release;
		};
/* End XCBuildConfiguration section */

/* Begin XCConfigurationList section */
		18E596E62AE2291500978164 /* Build configuration list for PBXProject "flutter-demo" */ = {
			isa = XCConfigurationList;
			buildConfigurations = (
				18E596FD2AE2291600978164 /* Debug */,
				18E596FE2AE2291600978164 /* Release */,
			);
			defaultConfigurationIsVisible = 0;
			defaultConfigurationName = Release;
		};
		18E596FF2AE2291600978164 /* Build configuration list for PBXNativeTarget "flutter-demo" */ = {
			isa = XCConfigurationList;
			buildConfigurations = (
				18E597002AE2291600978164 /* Debug */,
				18E597012AE2291600978164 /* Release */,
			);
			defaultConfigurationIsVisible = 0;
			defaultConfigurationName = Release;
		};
/* End XCConfigurationList section */
	};
	rootObject = 18E596E32AE2291500978164 /* Project object */;
}
