// !$*UTF8*$!
{
	archiveVersion = 1;
	classes = {
	};
	objectVersion = 56;
	objects = {

/* Begin PBXBuildFile section */
		07B41D0ECAD71AC726128417 /* Pods_FlutterEngineGroupDemo.framework in Frameworks */ = {isa = PBXBuildFile; fileRef = EB61D093B4C1CA777551B728 /* Pods_FlutterEngineGroupDemo.framework */; };
		18BD939E2AFCEB9700A683C6 /* AppDelegate.swift in Sources */ = {isa = PBXBuildFile; fileRef = 18BD939D2AFCEB9700A683C6 /* AppDelegate.swift */; };
		18BD93A02AFCEB9700A683C6 /* SceneDelegate.swift in Sources */ = {isa = PBXBuildFile; fileRef = 18BD939F2AFCEB9700A683C6 /* SceneDelegate.swift */; };
		18BD93A22AFCEB9700A683C6 /* ViewController.swift in Sources */ = {isa = PBXBuildFile; fileRef = 18BD93A12AFCEB9700A683C6 /* ViewController.swift */; };
		18BD93A52AFCEB9700A683C6 /* Main.storyboard in Resources */ = {isa = PBXBuildFile; fileRef = 18BD93A32AFCEB9700A683C6 /* Main.storyboard */; };
		18BD93A72AFCEB9800A683C6 /* Assets.xcassets in Resources */ = {isa = PBXBuildFile; fileRef = 18BD93A62AFCEB9800A683C6 /* Assets.xcassets */; };
		18BD93AA2AFCEB9800A683C6 /* LaunchScreen.storyboard in Resources */ = {isa = PBXBuildFile; fileRef = 18BD93A82AFCEB9800A683C6 /* LaunchScreen.storyboard */; };
		18BD93B22AFDCD6A00A683C6 /* EngineGroupMgr.swift in Sources */ = {isa = PBXBuildFile; fileRef = 18BD93B12AFDCD6A00A683C6 /* EngineGroupMgr.swift */; };
		18BD93B42AFE09D200A683C6 /* FlutterBaseVC.swift in Sources */ = {isa = PBXBuildFile; fileRef = 18BD93B32AFE09D200A683C6 /* FlutterBaseVC.swift */; };
		18EE7C3F2BA8397500567D4E /* DemoVC.swift in Sources */ = {isa = PBXBuildFile; fileRef = 18EE7C3E2BA8397500567D4E /* DemoVC.swift */; };
/* End PBXBuildFile section */

/* Begin PBXFileReference section */
		18BD939A2AFCEB9700A683C6 /* FlutterEngineGroupDemo.app */ = {isa = PBXFileReference; explicitFileType = wrapper.application; includeInIndex = 0; path = FlutterEngineGroupDemo.app; sourceTree = BUILT_PRODUCTS_DIR; };
		18BD939D2AFCEB9700A683C6 /* AppDelegate.swift */ = {isa = PBXFileReference; lastKnownFileType = sourcecode.swift; path = AppDelegate.swift; sourceTree = "<group>"; };
		18BD939F2AFCEB9700A683C6 /* SceneDelegate.swift */ = {isa = PBXFileReference; lastKnownFileType = sourcecode.swift; path = SceneDelegate.swift; sourceTree = "<group>"; };
		18BD93A12AFCEB9700A683C6 /* ViewController.swift */ = {isa = PBXFileReference; lastKnownFileType = sourcecode.swift; path = ViewController.swift; sourceTree = "<group>"; };
		18BD93A42AFCEB9700A683C6 /* Base */ = {isa = PBXFileReference; lastKnownFileType = file.storyboard; name = Base; path = Base.lproj/Main.storyboard; sourceTree = "<group>"; };
		18BD93A62AFCEB9800A683C6 /* Assets.xcassets */ = {isa = PBXFileReference; lastKnownFileType = folder.assetcatalog; path = Assets.xcassets; sourceTree = "<group>"; };
		18BD93A92AFCEB9800A683C6 /* Base */ = {isa = PBXFileReference; lastKnownFileType = file.storyboard; name = Base; path = Base.lproj/LaunchScreen.storyboard; sourceTree = "<group>"; };
		18BD93AB2AFCEB9800A683C6 /* Info.plist */ = {isa = PBXFileReference; lastKnownFileType = text.plist.xml; path = Info.plist; sourceTree = "<group>"; };
		18BD93B12AFDCD6A00A683C6 /* EngineGroupMgr.swift */ = {isa = PBXFileReference; lastKnownFileType = sourcecode.swift; path = EngineGroupMgr.swift; sourceTree = "<group>"; };
		18BD93B32AFE09D200A683C6 /* FlutterBaseVC.swift */ = {isa = PBXFileReference; lastKnownFileType = sourcecode.swift; path = FlutterBaseVC.swift; sourceTree = "<group>"; };
		18EE7C3E2BA8397500567D4E /* DemoVC.swift */ = {isa = PBXFileReference; lastKnownFileType = sourcecode.swift; path = DemoVC.swift; sourceTree = "<group>"; };
		5CD9B78EC46F97B2305448D6 /* Pods-FlutterEngineGroupDemo.release.xcconfig */ = {isa = PBXFileReference; includeInIndex = 1; lastKnownFileType = text.xcconfig; name = "Pods-FlutterEngineGroupDemo.release.xcconfig"; path = "Target Support Files/Pods-FlutterEngineGroupDemo/Pods-FlutterEngineGroupDemo.release.xcconfig"; sourceTree = "<group>"; };
		E4F3B256127512A9FA394FB6 /* Pods-FlutterEngineGroupDemo.debug.xcconfig */ = {isa = PBXFileReference; includeInIndex = 1; lastKnownFileType = text.xcconfig; name = "Pods-FlutterEngineGroupDemo.debug.xcconfig"; path = "Target Support Files/Pods-FlutterEngineGroupDemo/Pods-FlutterEngineGroupDemo.debug.xcconfig"; sourceTree = "<group>"; };
		EB61D093B4C1CA777551B728 /* Pods_FlutterEngineGroupDemo.framework */ = {isa = PBXFileReference; explicitFileType = wrapper.framework; includeInIndex = 0; path = Pods_FlutterEngineGroupDemo.framework; sourceTree = BUILT_PRODUCTS_DIR; };
/* End PBXFileReference section */

/* Begin PBXFrameworksBuildPhase section */
		18BD93972AFCEB9700A683C6 /* Frameworks */ = {
			isa = PBXFrameworksBuildPhase;
			buildActionMask = 2147483647;
			files = (
				07B41D0ECAD71AC726128417 /* Pods_FlutterEngineGroupDemo.framework in Frameworks */,
			);
			runOnlyForDeploymentPostprocessing = 0;
		};
/* End PBXFrameworksBuildPhase section */

/* Begin PBXGroup section */
		186B74F72B4BF09300E74FA5 /* FlutterEngineGroup */ = {
			isa = PBXGroup;
			children = (
				18BD93B32AFE09D200A683C6 /* FlutterBaseVC.swift */,
				18BD93B12AFDCD6A00A683C6 /* EngineGroupMgr.swift */,
				18EE7C3E2BA8397500567D4E /* DemoVC.swift */,
			);
			path = FlutterEngineGroup;
			sourceTree = "<group>";
		};
		18BD93912AFCEB9600A683C6 = {
			isa = PBXGroup;
			children = (
				18BD939C2AFCEB9700A683C6 /* FlutterEngineGroupDemo */,
				18BD939B2AFCEB9700A683C6 /* Products */,
				DCF3C823E9CC3A839AAC7C0C /* Pods */,
				96A2C7F55E05EBD812A9C646 /* Frameworks */,
			);
			sourceTree = "<group>";
		};
		18BD939B2AFCEB9700A683C6 /* Products */ = {
			isa = PBXGroup;
			children = (
				18BD939A2AFCEB9700A683C6 /* FlutterEngineGroupDemo.app */,
			);
			name = Products;
			sourceTree = "<group>";
		};
		18BD939C2AFCEB9700A683C6 /* FlutterEngineGroupDemo */ = {
			isa = PBXGroup;
			children = (
				186B74F72B4BF09300E74FA5 /* FlutterEngineGroup */,
				18BD939D2AFCEB9700A683C6 /* AppDelegate.swift */,
				18BD939F2AFCEB9700A683C6 /* SceneDelegate.swift */,
				18BD93A12AFCEB9700A683C6 /* ViewController.swift */,
				18BD93A32AFCEB9700A683C6 /* Main.storyboard */,
				18BD93A62AFCEB9800A683C6 /* Assets.xcassets */,
				18BD93A82AFCEB9800A683C6 /* LaunchScreen.storyboard */,
				18BD93AB2AFCEB9800A683C6 /* Info.plist */,
			);
			path = FlutterEngineGroupDemo;
			sourceTree = "<group>";
		};
		96A2C7F55E05EBD812A9C646 /* Frameworks */ = {
			isa = PBXGroup;
			children = (
				EB61D093B4C1CA777551B728 /* Pods_FlutterEngineGroupDemo.framework */,
			);
			name = Frameworks;
			sourceTree = "<group>";
		};
		DCF3C823E9CC3A839AAC7C0C /* Pods */ = {
			isa = PBXGroup;
			children = (
				E4F3B256127512A9FA394FB6 /* Pods-FlutterEngineGroupDemo.debug.xcconfig */,
				5CD9B78EC46F97B2305448D6 /* Pods-FlutterEngineGroupDemo.release.xcconfig */,
			);
			path = Pods;
			sourceTree = "<group>";
		};
/* End PBXGroup section */

/* Begin PBXNativeTarget section */
		18BD93992AFCEB9700A683C6 /* FlutterEngineGroupDemo */ = {
			isa = PBXNativeTarget;
			buildConfigurationList = 18BD93AE2AFCEB9800A683C6 /* Build configuration list for PBXNativeTarget "FlutterEngineGroupDemo" */;
			buildPhases = (
				40FF579E9A07CA88ACDF9DF9 /* [CP] Check Pods Manifest.lock */,
				A401F5FE3D8270024B995B00 /* [CP-User] Run Flutter Build futter_engine_group_moudle Script */,
				18BD93962AFCEB9700A683C6 /* Sources */,
				18BD93972AFCEB9700A683C6 /* Frameworks */,
				18BD93982AFCEB9700A683C6 /* Resources */,
				2426DE8BB19F6DF7C4F48178 /* [CP-User] Embed Flutter Build futter_engine_group_moudle Script */,
				FC0B3949DF9D81731F477FA8 /* [CP] Embed Pods Frameworks */,
			);
			buildRules = (
			);
			dependencies = (
			);
			name = FlutterEngineGroupDemo;
			productName = FlutterEngineGroupDemo;
			productReference = 18BD939A2AFCEB9700A683C6 /* FlutterEngineGroupDemo.app */;
			productType = "com.apple.product-type.application";
		};
/* End PBXNativeTarget section */

/* Begin PBXProject section */
		18BD93922AFCEB9600A683C6 /* Project object */ = {
			isa = PBXProject;
			attributes = {
				BuildIndependentTargetsInParallel = 1;
				LastSwiftUpdateCheck = 1430;
				LastUpgradeCheck = 1430;
				TargetAttributes = {
					18BD93992AFCEB9700A683C6 = {
						CreatedOnToolsVersion = 14.3.1;
					};
				};
			};
			buildConfigurationList = 18BD93952AFCEB9600A683C6 /* Build configuration list for PBXProject "FlutterEngineGroupDemo" */;
			compatibilityVersion = "Xcode 14.0";
			developmentRegion = en;
			hasScannedForEncodings = 0;
			knownRegions = (
				en,
				Base,
			);
			mainGroup = 18BD93912AFCEB9600A683C6;
			productRefGroup = 18BD939B2AFCEB9700A683C6 /* Products */;
			projectDirPath = "";
			projectRoot = "";
			targets = (
				18BD93992AFCEB9700A683C6 /* FlutterEngineGroupDemo */,
			);
		};
/* End PBXProject section */

/* Begin PBXResourcesBuildPhase section */
		18BD93982AFCEB9700A683C6 /* Resources */ = {
			isa = PBXResourcesBuildPhase;
			buildActionMask = 2147483647;
			files = (
				18BD93AA2AFCEB9800A683C6 /* LaunchScreen.storyboard in Resources */,
				18BD93A72AFCEB9800A683C6 /* Assets.xcassets in Resources */,
				18BD93A52AFCEB9700A683C6 /* Main.storyboard in Resources */,
			);
			runOnlyForDeploymentPostprocessing = 0;
		};
/* End PBXResourcesBuildPhase section */

/* Begin PBXShellScriptBuildPhase section */
		2426DE8BB19F6DF7C4F48178 /* [CP-User] Embed Flutter Build futter_engine_group_moudle Script */ = {
			isa = PBXShellScriptBuildPhase;
			buildActionMask = 2147483647;
			files = (
			);
			name = "[CP-User] Embed Flutter Build futter_engine_group_moudle Script";
			runOnlyForDeploymentPostprocessing = 0;
			shellPath = /bin/sh;
			shellScript = "set -e\nset -u\nsource \"${SRCROOT}/../FutterEngineGroupModule/.ios/Flutter/flutter_export_environment.sh\"\nexport VERBOSE_SCRIPT_LOGGING=1 && \"$FLUTTER_ROOT\"/packages/flutter_tools/bin/xcode_backend.sh embed_and_thin";
		};
		40FF579E9A07CA88ACDF9DF9 /* [CP] Check Pods Manifest.lock */ = {
			isa = PBXShellScriptBuildPhase;
			buildActionMask = 2147483647;
			files = (
			);
			inputFileListPaths = (
			);
			inputPaths = (
				"${PODS_PODFILE_DIR_PATH}/Podfile.lock",
				"${PODS_ROOT}/Manifest.lock",
			);
			name = "[CP] Check Pods Manifest.lock";
			outputFileListPaths = (
			);
			outputPaths = (
				"$(DERIVED_FILE_DIR)/Pods-FlutterEngineGroupDemo-checkManifestLockResult.txt",
			);
			runOnlyForDeploymentPostprocessing = 0;
			shellPath = /bin/sh;
			shellScript = "diff \"${PODS_PODFILE_DIR_PATH}/Podfile.lock\" \"${PODS_ROOT}/Manifest.lock\" > /dev/null\nif [ $? != 0 ] ; then\n    # print error to STDERR\n    echo \"error: The sandbox is not in sync with the Podfile.lock. Run 'pod install' or update your CocoaPods installation.\" >&2\n    exit 1\nfi\n# This output is used by Xcode 'outputs' to avoid re-running this script phase.\necho \"SUCCESS\" > \"${SCRIPT_OUTPUT_FILE_0}\"\n";
			showEnvVarsInLog = 0;
		};
		A401F5FE3D8270024B995B00 /* [CP-User] Run Flutter Build futter_engine_group_moudle Script */ = {
			isa = PBXShellScriptBuildPhase;
			buildActionMask = 2147483647;
			files = (
			);
			name = "[CP-User] Run Flutter Build futter_engine_group_moudle Script";
			runOnlyForDeploymentPostprocessing = 0;
			shellPath = /bin/sh;
			shellScript = "set -e\nset -u\nsource \"${SRCROOT}/../FutterEngineGroupModule/.ios/Flutter/flutter_export_environment.sh\"\nexport VERBOSE_SCRIPT_LOGGING=1 && \"$FLUTTER_ROOT\"/packages/flutter_tools/bin/xcode_backend.sh build";
		};
		FC0B3949DF9D81731F477FA8 /* [CP] Embed Pods Frameworks */ = {
			isa = PBXShellScriptBuildPhase;
			buildActionMask = 2147483647;
			files = (
			);
			inputFileListPaths = (
				"${PODS_ROOT}/Target Support Files/Pods-FlutterEngineGroupDemo/Pods-FlutterEngineGroupDemo-frameworks-${CONFIGURATION}-input-files.xcfilelist",
			);
			name = "[CP] Embed Pods Frameworks";
			outputFileListPaths = (
				"${PODS_ROOT}/Target Support Files/Pods-FlutterEngineGroupDemo/Pods-FlutterEngineGroupDemo-frameworks-${CONFIGURATION}-output-files.xcfilelist",
			);
			runOnlyForDeploymentPostprocessing = 0;
			shellPath = /bin/sh;
			shellScript = "\"${PODS_ROOT}/Target Support Files/Pods-FlutterEngineGroupDemo/Pods-FlutterEngineGroupDemo-frameworks.sh\"\n";
			showEnvVarsInLog = 0;
		};
/* End PBXShellScriptBuildPhase section */

/* Begin PBXSourcesBuildPhase section */
		18BD93962AFCEB9700A683C6 /* Sources */ = {
			isa = PBXSourcesBuildPhase;
			buildActionMask = 2147483647;
			files = (
				18BD93B22AFDCD6A00A683C6 /* EngineGroupMgr.swift in Sources */,
				18BD93A22AFCEB9700A683C6 /* ViewController.swift in Sources */,
				18BD93B42AFE09D200A683C6 /* FlutterBaseVC.swift in Sources */,
				18BD939E2AFCEB9700A683C6 /* AppDelegate.swift in Sources */,
				18BD93A02AFCEB9700A683C6 /* SceneDelegate.swift in Sources */,
				18EE7C3F2BA8397500567D4E /* DemoVC.swift in Sources */,
			);
			runOnlyForDeploymentPostprocessing = 0;
		};
/* End PBXSourcesBuildPhase section */

/* Begin PBXVariantGroup section */
		18BD93A32AFCEB9700A683C6 /* Main.storyboard */ = {
			isa = PBXVariantGroup;
			children = (
				18BD93A42AFCEB9700A683C6 /* Base */,
			);
			name = Main.storyboard;
			sourceTree = "<group>";
		};
		18BD93A82AFCEB9800A683C6 /* LaunchScreen.storyboard */ = {
			isa = PBXVariantGroup;
			children = (
				18BD93A92AFCEB9800A683C6 /* Base */,
			);
			name = LaunchScreen.storyboard;
			sourceTree = "<group>";
		};
/* End PBXVariantGroup section */

/* Begin XCBuildConfiguration section */
		18BD93AC2AFCEB9800A683C6 /* Debug */ = {
			isa = XCBuildConfiguration;
			buildSettings = {
				ALWAYS_SEARCH_USER_PATHS = NO;
				CLANG_ANALYZER_NONNULL = YES;
				CLANG_ANALYZER_NUMBER_OBJECT_CONVERSION = YES_AGGRESSIVE;
				CLANG_CXX_LANGUAGE_STANDARD = "gnu++20";
				CLANG_ENABLE_MODULES = YES;
				CLANG_ENABLE_OBJC_ARC = YES;
				CLANG_ENABLE_OBJC_WEAK = YES;
				CLANG_WARN_BLOCK_CAPTURE_AUTORELEASING = YES;
				CLANG_WARN_BOOL_CONVERSION = YES;
				CLANG_WARN_COMMA = YES;
				CLANG_WARN_CONSTANT_CONVERSION = YES;
				CLANG_WARN_DEPRECATED_OBJC_IMPLEMENTATIONS = YES;
				CLANG_WARN_DIRECT_OBJC_ISA_USAGE = YES_ERROR;
				CLANG_WARN_DOCUMENTATION_COMMENTS = YES;
				CLANG_WARN_EMPTY_BODY = YES;
				CLANG_WARN_ENUM_CONVERSION = YES;
				CLANG_WARN_INFINITE_RECURSION = YES;
				CLANG_WARN_INT_CONVERSION = YES;
				CLANG_WARN_NON_LITERAL_NULL_CONVERSION = YES;
				CLANG_WARN_OBJC_IMPLICIT_RETAIN_SELF = YES;
				CLANG_WARN_OBJC_LITERAL_CONVERSION = YES;
				CLANG_WARN_OBJC_ROOT_CLASS = YES_ERROR;
				CLANG_WARN_QUOTED_INCLUDE_IN_FRAMEWORK_HEADER = YES;
				CLANG_WARN_RANGE_LOOP_ANALYSIS = YES;
				CLANG_WARN_STRICT_PROTOTYPES = YES;
				CLANG_WARN_SUSPICIOUS_MOVE = YES;
				CLANG_WARN_UNGUARDED_AVAILABILITY = YES_AGGRESSIVE;
				CLANG_WARN_UNREACHABLE_CODE = YES;
				CLANG_WARN__DUPLICATE_METHOD_MATCH = YES;
				COPY_PHASE_STRIP = NO;
				DEBUG_INFORMATION_FORMAT = dwarf;
				ENABLE_STRICT_OBJC_MSGSEND = YES;
				ENABLE_TESTABILITY = YES;
				GCC_C_LANGUAGE_STANDARD = gnu11;
				GCC_DYNAMIC_NO_PIC = NO;
				GCC_NO_COMMON_BLOCKS = YES;
				GCC_OPTIMIZATION_LEVEL = 0;
				GCC_PREPROCESSOR_DEFINITIONS = (
					"DEBUG=1",
					"$(inherited)",
				);
				GCC_WARN_64_TO_32_BIT_CONVERSION = YES;
				GCC_WARN_ABOUT_RETURN_TYPE = YES_ERROR;
				GCC_WARN_UNDECLARED_SELECTOR = YES;
				GCC_WARN_UNINITIALIZED_AUTOS = YES_AGGRESSIVE;
				GCC_WARN_UNUSED_FUNCTION = YES;
				GCC_WARN_UNUSED_VARIABLE = YES;
				IPHONEOS_DEPLOYMENT_TARGET = 13.0;
				MTL_ENABLE_DEBUG_INFO = INCLUDE_SOURCE;
				MTL_FAST_MATH = YES;
				ONLY_ACTIVE_ARCH = YES;
				SDKROOT = iphoneos;
				SWIFT_ACTIVE_COMPILATION_CONDITIONS = DEBUG;
				SWIFT_OPTIMIZATION_LEVEL = "-Onone";
			};
			name = Debug;
		};
		18BD93AD2AFCEB9800A683C6 /* Release */ = {
			isa = XCBuildConfiguration;
			buildSettings = {
				ALWAYS_SEARCH_USER_PATHS = NO;
				CLANG_ANALYZER_NONNULL = YES;
				CLANG_ANALYZER_NUMBER_OBJECT_CONVERSION = YES_AGGRESSIVE;
				CLANG_CXX_LANGUAGE_STANDARD = "gnu++20";
				CLANG_ENABLE_MODULES = YES;
				CLANG_ENABLE_OBJC_ARC = YES;
				CLANG_ENABLE_OBJC_WEAK = YES;
				CLANG_WARN_BLOCK_CAPTURE_AUTORELEASING = YES;
				CLANG_WARN_BOOL_CONVERSION = YES;
				CLANG_WARN_COMMA = YES;
				CLANG_WARN_CONSTANT_CONVERSION = YES;
				CLANG_WARN_DEPRECATED_OBJC_IMPLEMENTATIONS = YES;
				CLANG_WARN_DIRECT_OBJC_ISA_USAGE = YES_ERROR;
				CLANG_WARN_DOCUMENTATION_COMMENTS = YES;
				CLANG_WARN_EMPTY_BODY = YES;
				CLANG_WARN_ENUM_CONVERSION = YES;
				CLANG_WARN_INFINITE_RECURSION = YES;
				CLANG_WARN_INT_CONVERSION = YES;
				CLANG_WARN_NON_LITERAL_NULL_CONVERSION = YES;
				CLANG_WARN_OBJC_IMPLICIT_RETAIN_SELF = YES;
				CLANG_WARN_OBJC_LITERAL_CONVERSION = YES;
				CLANG_WARN_OBJC_ROOT_CLASS = YES_ERROR;
				CLANG_WARN_QUOTED_INCLUDE_IN_FRAMEWORK_HEADER = YES;
				CLANG_WARN_RANGE_LOOP_ANALYSIS = YES;
				CLANG_WARN_STRICT_PROTOTYPES = YES;
				CLANG_WARN_SUSPICIOUS_MOVE = YES;
				CLANG_WARN_UNGUARDED_AVAILABILITY = YES_AGGRESSIVE;
				CLANG_WARN_UNREACHABLE_CODE = YES;
				CLANG_WARN__DUPLICATE_METHOD_MATCH = YES;
				COPY_PHASE_STRIP = NO;
				DEBUG_INFORMATION_FORMAT = "dwarf-with-dsym";
				ENABLE_NS_ASSERTIONS = NO;
				ENABLE_STRICT_OBJC_MSGSEND = YES;
				GCC_C_LANGUAGE_STANDARD = gnu11;
				GCC_NO_COMMON_BLOCKS = YES;
				GCC_WARN_64_TO_32_BIT_CONVERSION = YES;
				GCC_WARN_ABOUT_RETURN_TYPE = YES_ERROR;
				GCC_WARN_UNDECLARED_SELECTOR = YES;
				GCC_WARN_UNINITIALIZED_AUTOS = YES_AGGRESSIVE;
				GCC_WARN_UNUSED_FUNCTION = YES;
				GCC_WARN_UNUSED_VARIABLE = YES;
				IPHONEOS_DEPLOYMENT_TARGET = 13.0;
				MTL_ENABLE_DEBUG_INFO = NO;
				MTL_FAST_MATH = YES;
				SDKROOT = iphoneos;
				SWIFT_COMPILATION_MODE = wholemodule;
				SWIFT_OPTIMIZATION_LEVEL = "-O";
				VALIDATE_PRODUCT = YES;
			};
			name = Release;
		};
		18BD93AF2AFCEB9800A683C6 /* Debug */ = {
			isa = XCBuildConfiguration;
			baseConfigurationReference = E4F3B256127512A9FA394FB6 /* Pods-FlutterEngineGroupDemo.debug.xcconfig */;
			buildSettings = {
				ASSETCATALOG_COMPILER_APPICON_NAME = AppIcon;
				ASSETCATALOG_COMPILER_GLOBAL_ACCENT_COLOR_NAME = AccentColor;
				CODE_SIGN_STYLE = Automatic;
				CURRENT_PROJECT_VERSION = 1;
				DEVELOPMENT_TEAM = 7X4FCHGB38;
				GENERATE_INFOPLIST_FILE = YES;
				INFOPLIST_FILE = FlutterEngineGroupDemo/Info.plist;
				INFOPLIST_KEY_UIApplicationSupportsIndirectInputEvents = YES;
				INFOPLIST_KEY_UILaunchStoryboardName = LaunchScreen;
				INFOPLIST_KEY_UIMainStoryboardFile = Main;
				INFOPLIST_KEY_UISupportedInterfaceOrientations_iPad = "UIInterfaceOrientationPortrait UIInterfaceOrientationPortraitUpsideDown UIInterfaceOrientationLandscapeLeft UIInterfaceOrientationLandscapeRight";
				INFOPLIST_KEY_UISupportedInterfaceOrientations_iPhone = "UIInterfaceOrientationPortrait UIInterfaceOrientationLandscapeLeft UIInterfaceOrientationLandscapeRight";
				LD_RUNPATH_SEARCH_PATHS = (
					"$(inherited)",
					"@executable_path/Frameworks",
				);
				MARKETING_VERSION = 1.0;
				PRODUCT_BUNDLE_IDENTIFIER = com.nothing.FlutterEngineGroupDemo;
				PRODUCT_NAME = "$(TARGET_NAME)";
				SWIFT_EMIT_LOC_STRINGS = YES;
				SWIFT_VERSION = 5.0;
				TARGETED_DEVICE_FAMILY = "1,2";
			};
			name = Debug;
		};
		18BD93B02AFCEB9800A683C6 /* Release */ = {
			isa = XCBuildConfiguration;
			baseConfigurationReference = 5CD9B78EC46F97B2305448D6 /* Pods-FlutterEngineGroupDemo.release.xcconfig */;
			buildSettings = {
				ASSETCATALOG_COMPILER_APPICON_NAME = AppIcon;
				ASSETCATALOG_COMPILER_GLOBAL_ACCENT_COLOR_NAME = AccentColor;
				CODE_SIGN_STYLE = Automatic;
				CURRENT_PROJECT_VERSION = 1;
				DEVELOPMENT_TEAM = 7X4FCHGB38;
				GENERATE_INFOPLIST_FILE = YES;
				INFOPLIST_FILE = FlutterEngineGroupDemo/Info.plist;
				INFOPLIST_KEY_UIApplicationSupportsIndirectInputEvents = YES;
				INFOPLIST_KEY_UILaunchStoryboardName = LaunchScreen;
				INFOPLIST_KEY_UIMainStoryboardFile = Main;
				INFOPLIST_KEY_UISupportedInterfaceOrientations_iPad = "UIInterfaceOrientationPortrait UIInterfaceOrientationPortraitUpsideDown UIInterfaceOrientationLandscapeLeft UIInterfaceOrientationLandscapeRight";
				INFOPLIST_KEY_UISupportedInterfaceOrientations_iPhone = "UIInterfaceOrientationPortrait UIInterfaceOrientationLandscapeLeft UIInterfaceOrientationLandscapeRight";
				LD_RUNPATH_SEARCH_PATHS = (
					"$(inherited)",
					"@executable_path/Frameworks",
				);
				MARKETING_VERSION = 1.0;
				PRODUCT_BUNDLE_IDENTIFIER = com.nothing.FlutterEngineGroupDemo;
				PRODUCT_NAME = "$(TARGET_NAME)";
				SWIFT_EMIT_LOC_STRINGS = YES;
				SWIFT_VERSION = 5.0;
				TARGETED_DEVICE_FAMILY = "1,2";
			};
			name = Release;
		};
/* End XCBuildConfiguration section */

/* Begin XCConfigurationList section */
		18BD93952AFCEB9600A683C6 /* Build configuration list for PBXProject "FlutterEngineGroupDemo" */ = {
			isa = XCConfigurationList;
			buildConfigurations = (
				18BD93AC2AFCEB9800A683C6 /* Debug */,
				18BD93AD2AFCEB9800A683C6 /* Release */,
			);
			defaultConfigurationIsVisible = 0;
			defaultConfigurationName = Release;
		};
		18BD93AE2AFCEB9800A683C6 /* Build configuration list for PBXNativeTarget "FlutterEngineGroupDemo" */ = {
			isa = XCConfigurationList;
			buildConfigurations = (
				18BD93AF2AFCEB9800A683C6 /* Debug */,
				18BD93B02AFCEB9800A683C6 /* Release */,
			);
			defaultConfigurationIsVisible = 0;
			defaultConfigurationName = Release;
		};
/* End XCConfigurationList section */
	};
	rootObject = 18BD93922AFCEB9600A683C6 /* Project object */;
}
